
Microsoft Visual Studio Solution File, Format Version 12.00
Project("{FAE04EC0-301F-11D3-BF4B-00C04F79EFBC}") = "EfPerformance", "EfPerformance\EfPerformance.csproj", "{88BACE86-116D-459F-811F-1073C7DE1C00}"
EndProject
Global
	GlobalSection(SolutionConfigurationPlatforms) = preSolution
		Debug|Any CPU = Debug|Any CPU
		Release|Any CPU = Release|Any CPU
	EndGlobalSection
	GlobalSection(ProjectConfigurationPlatforms) = postSolution
		{88BACE86-116D-459F-811F-1073C7DE1C00}.Debug|Any CPU.ActiveCfg = Debug|Any CPU
		{88BACE86-116D-459F-811F-1073C7DE1C00}.Debug|Any CPU.Build.0 = Debug|Any CPU
		{88BACE86-116D-459F-811F-1073C7DE1C00}.Release|Any CPU.ActiveCfg = Release|Any CPU
		{88BACE86-116D-459F-811F-1073C7DE1C00}.Release|Any CPU.Build.0 = Release|Any CPU
	EndGlobalSection
EndGlobal
